// !$*UTF8*$!
{
	archiveVersion = 1;
	classes = {
	};
	objectVersion = 48;
	objects = {

/* Begin PBXBuildFile section */
		7BFB528620CC24C5006F66C0 /* AppDelegate.m in Sources */ = {isa = PBXBuildFile; fileRef = 7BFB528520CC24C5006F66C0 /* AppDelegate.m */; };
		7BFB528920CC24C5006F66C0 /* ViewController.m in Sources */ = {isa = PBXBuildFile; fileRef = 7BFB528820CC24C5006F66C0 /* ViewController.m */; };
		7BFB528C20CC24C5006F66C0 /* Main.storyboard in Resources */ = {isa = PBXBuildFile; fileRef = 7BFB528A20CC24C5006F66C0 /* Main.storyboard */; };
		7BFB528E20CC24C5006F66C0 /* Assets.xcassets in Resources */ = {isa = PBXBuildFile; fileRef = 7BFB528D20CC24C5006F66C0 /* Assets.xcassets */; };
		7BFB529120CC24C5006F66C0 /* LaunchScreen.storyboard in Resources */ = {isa = PBXBuildFile; fileRef = 7BFB528F20CC24C5006F66C0 /* LaunchScreen.storyboard */; };
		7BFB529420CC24C5006F66C0 /* main.m in Sources */ = {isa = PBXBuildFile; fileRef = 7BFB529320CC24C5006F66C0 /* main.m */; };
		7BFB529E20CC24C5006F66C0 /* GPUImageTests.m in Sources */ = {isa = PBXBuildFile; fileRef = 7BFB529D20CC24C5006F66C0 /* GPUImageTests.m */; };
		7BFB52A920CC24C5006F66C0 /* GPUImageUITests.m in Sources */ = {isa = PBXBuildFile; fileRef = 7BFB52A820CC24C5006F66C0 /* GPUImageUITests.m */; };
		B4AC12FA55B9C9419F64068D /* libPods-GPUImage.a in Frameworks */ = {isa = PBXBuildFile; fileRef = 5AFF2601799FE97B558ECB62 /* libPods-GPUImage.a */; };
		CD04008221D38559006AE8AA /* Threshold.fsh in Resources */ = {isa = PBXBuildFile; fileRef = CD04008121D38559006AE8AA /* Threshold.fsh */; };
		CD04008421D38654006AE8AA /* PositionColor.fsh in Resources */ = {isa = PBXBuildFile; fileRef = CD04008321D38654006AE8AA /* PositionColor.fsh */; };
		CD04008921D4E763006AE8AA /* SXSimpleImageViewController.m in Sources */ = {isa = PBXBuildFile; fileRef = CD04008821D4E763006AE8AA /* SXSimpleImageViewController.m */; };
		CD04008C21D4E9B7006AE8AA /* Lambeau.jpg in Resources */ = {isa = PBXBuildFile; fileRef = CD04008A21D4E9B7006AE8AA /* Lambeau.jpg */; };
		CD04008D21D4E9B7006AE8AA /* WID-small.jpg in Resources */ = {isa = PBXBuildFile; fileRef = CD04008B21D4E9B7006AE8AA /* WID-small.jpg */; };
		CD04009221D62E4E006AE8AA /* SXPhotoViewController.m in Sources */ = {isa = PBXBuildFile; fileRef = CD04009121D62E4E006AE8AA /* SXPhotoViewController.m */; };
		CD1CBBF821CA3C670009AAC6 /* SXTabbarController.m in Sources */ = {isa = PBXBuildFile; fileRef = CD1CBBF721CA3C670009AAC6 /* SXTabbarController.m */; };
		CD1CBBFC21CA3D230009AAC6 /* SXImageFilteringBenchmarkViewController.m in Sources */ = {isa = PBXBuildFile; fileRef = CD1CBBFB21CA3D230009AAC6 /* SXImageFilteringBenchmarkViewController.m */; };
		CD1CBC0221CCF03F0009AAC6 /* SXColorTrackingViewController.m in Sources */ = {isa = PBXBuildFile; fileRef = CD1CBC0121CCF03F0009AAC6 /* SXColorTrackingViewController.m */; };
/* End PBXBuildFile section */

/* Begin PBXContainerItemProxy section */
		7BFB529A20CC24C5006F66C0 /* PBXContainerItemProxy */ = {
			isa = PBXContainerItemProxy;
			containerPortal = 7BFB527920CC24C5006F66C0 /* Project object */;
			proxyType = 1;
			remoteGlobalIDString = 7BFB528020CC24C5006F66C0;
			remoteInfo = GPUImage;
		};
		7BFB52A520CC24C5006F66C0 /* PBXContainerItemProxy */ = {
			isa = PBXContainerItemProxy;
			containerPortal = 7BFB527920CC24C5006F66C0 /* Project object */;
			proxyType = 1;
			remoteGlobalIDString = 7BFB528020CC24C5006F66C0;
			remoteInfo = GPUImage;
		};
/* End PBXContainerItemProxy section */

/* Begin PBXFileReference section */
		5AFF2601799FE97B558ECB62 /* libPods-GPUImage.a */ = {isa = PBXFileReference; explicitFileType = archive.ar; includeInIndex = 0; path = "libPods-GPUImage.a"; sourceTree = BUILT_PRODUCTS_DIR; };
		7BFB528120CC24C5006F66C0 /* GPUImage.app */ = {isa = PBXFileReference; explicitFileType = wrapper.application; includeInIndex = 0; path = GPUImage.app; sourceTree = BUILT_PRODUCTS_DIR; };
		7BFB528420CC24C5006F66C0 /* AppDelegate.h */ = {isa = PBXFileReference; lastKnownFileType = sourcecode.c.h; path = AppDelegate.h; sourceTree = "<group>"; };
		7BFB528520CC24C5006F66C0 /* AppDelegate.m */ = {isa = PBXFileReference; lastKnownFileType = sourcecode.c.objc; path = AppDelegate.m; sourceTree = "<group>"; };
		7BFB528720CC24C5006F66C0 /* ViewController.h */ = {isa = PBXFileReference; lastKnownFileType = sourcecode.c.h; path = ViewController.h; sourceTree = "<group>"; };
		7BFB528820CC24C5006F66C0 /* ViewController.m */ = {isa = PBXFileReference; lastKnownFileType = sourcecode.c.objc; path = ViewController.m; sourceTree = "<group>"; };
		7BFB528B20CC24C5006F66C0 /* Base */ = {isa = PBXFileReference; lastKnownFileType = file.storyboard; name = Base; path = Base.lproj/Main.storyboard; sourceTree = "<group>"; };
		7BFB528D20CC24C5006F66C0 /* Assets.xcassets */ = {isa = PBXFileReference; lastKnownFileType = folder.assetcatalog; path = Assets.xcassets; sourceTree = "<group>"; };
		7BFB529020CC24C5006F66C0 /* Base */ = {isa = PBXFileReference; lastKnownFileType = file.storyboard; name = Base; path = Base.lproj/LaunchScreen.storyboard; sourceTree = "<group>"; };
		7BFB529220CC24C5006F66C0 /* Info.plist */ = {isa = PBXFileReference; lastKnownFileType = text.plist.xml; path = Info.plist; sourceTree = "<group>"; };
		7BFB529320CC24C5006F66C0 /* main.m */ = {isa = PBXFileReference; lastKnownFileType = sourcecode.c.objc; path = main.m; sourceTree = "<group>"; };
		7BFB529920CC24C5006F66C0 /* GPUImageTests.xctest */ = {isa = PBXFileReference; explicitFileType = wrapper.cfbundle; includeInIndex = 0; path = GPUImageTests.xctest; sourceTree = BUILT_PRODUCTS_DIR; };
		7BFB529D20CC24C5006F66C0 /* GPUImageTests.m */ = {isa = PBXFileReference; lastKnownFileType = sourcecode.c.objc; path = GPUImageTests.m; sourceTree = "<group>"; };
		7BFB529F20CC24C5006F66C0 /* Info.plist */ = {isa = PBXFileReference; lastKnownFileType = text.plist.xml; path = Info.plist; sourceTree = "<group>"; };
		7BFB52A420CC24C5006F66C0 /* GPUImageUITests.xctest */ = {isa = PBXFileReference; explicitFileType = wrapper.cfbundle; includeInIndex = 0; path = GPUImageUITests.xctest; sourceTree = BUILT_PRODUCTS_DIR; };
		7BFB52A820CC24C5006F66C0 /* GPUImageUITests.m */ = {isa = PBXFileReference; lastKnownFileType = sourcecode.c.objc; path = GPUImageUITests.m; sourceTree = "<group>"; };
		7BFB52AA20CC24C5006F66C0 /* Info.plist */ = {isa = PBXFileReference; lastKnownFileType = text.plist.xml; path = Info.plist; sourceTree = "<group>"; };
		CB34A9A512F89462E89F4031 /* Pods-GPUImage.release.xcconfig */ = {isa = PBXFileReference; includeInIndex = 1; lastKnownFileType = text.xcconfig; name = "Pods-GPUImage.release.xcconfig"; path = "Pods/Target Support Files/Pods-GPUImage/Pods-GPUImage.release.xcconfig"; sourceTree = "<group>"; };
		CD04008121D38559006AE8AA /* Threshold.fsh */ = {isa = PBXFileReference; lastKnownFileType = sourcecode.glsl; path = Threshold.fsh; sourceTree = "<group>"; };
		CD04008321D38654006AE8AA /* PositionColor.fsh */ = {isa = PBXFileReference; lastKnownFileType = sourcecode.glsl; path = PositionColor.fsh; sourceTree = "<group>"; };
		CD04008721D4E763006AE8AA /* SXSimpleImageViewController.h */ = {isa = PBXFileReference; lastKnownFileType = sourcecode.c.h; path = SXSimpleImageViewController.h; sourceTree = "<group>"; };
		CD04008821D4E763006AE8AA /* SXSimpleImageViewController.m */ = {isa = PBXFileReference; lastKnownFileType = sourcecode.c.objc; path = SXSimpleImageViewController.m; sourceTree = "<group>"; };
		CD04008A21D4E9B7006AE8AA /* Lambeau.jpg */ = {isa = PBXFileReference; lastKnownFileType = image.jpeg; path = Lambeau.jpg; sourceTree = "<group>"; };
		CD04008B21D4E9B7006AE8AA /* WID-small.jpg */ = {isa = PBXFileReference; lastKnownFileType = image.jpeg; path = "WID-small.jpg"; sourceTree = "<group>"; };
		CD04009021D62E4E006AE8AA /* SXPhotoViewController.h */ = {isa = PBXFileReference; lastKnownFileType = sourcecode.c.h; path = SXPhotoViewController.h; sourceTree = "<group>"; };
		CD04009121D62E4E006AE8AA /* SXPhotoViewController.m */ = {isa = PBXFileReference; lastKnownFileType = sourcecode.c.objc; path = SXPhotoViewController.m; sourceTree = "<group>"; };
		CD1CBBF621CA3C670009AAC6 /* SXTabbarController.h */ = {isa = PBXFileReference; lastKnownFileType = sourcecode.c.h; path = SXTabbarController.h; sourceTree = "<group>"; };
		CD1CBBF721CA3C670009AAC6 /* SXTabbarController.m */ = {isa = PBXFileReference; lastKnownFileType = sourcecode.c.objc; path = SXTabbarController.m; sourceTree = "<group>"; };
		CD1CBBFA21CA3D230009AAC6 /* SXImageFilteringBenchmarkViewController.h */ = {isa = PBXFileReference; lastKnownFileType = sourcecode.c.h; path = SXImageFilteringBenchmarkViewController.h; sourceTree = "<group>"; };
		CD1CBBFB21CA3D230009AAC6 /* SXImageFilteringBenchmarkViewController.m */ = {isa = PBXFileReference; lastKnownFileType = sourcecode.c.objc; path = SXImageFilteringBenchmarkViewController.m; sourceTree = "<group>"; };
		CD1CBC0021CCF03F0009AAC6 /* SXColorTrackingViewController.h */ = {isa = PBXFileReference; lastKnownFileType = sourcecode.c.h; path = SXColorTrackingViewController.h; sourceTree = "<group>"; };
		CD1CBC0121CCF03F0009AAC6 /* SXColorTrackingViewController.m */ = {isa = PBXFileReference; lastKnownFileType = sourcecode.c.objc; path = SXColorTrackingViewController.m; sourceTree = "<group>"; };
		E3DC04DB45CC112CD13C39E2 /* Pods-GPUImage.debug.xcconfig */ = {isa = PBXFileReference; includeInIndex = 1; lastKnownFileType = text.xcconfig; name = "Pods-GPUImage.debug.xcconfig"; path = "Pods/Target Support Files/Pods-GPUImage/Pods-GPUImage.debug.xcconfig"; sourceTree = "<group>"; };
/* End PBXFileReference section */

/* Begin PBXFrameworksBuildPhase section */
		7BFB527E20CC24C5006F66C0 /* Frameworks */ = {
			isa = PBXFrameworksBuildPhase;
			buildActionMask = 2147483647;
			files = (
				B4AC12FA55B9C9419F64068D /* libPods-GPUImage.a in Frameworks */,
			);
			runOnlyForDeploymentPostprocessing = 0;
		};
		7BFB529620CC24C5006F66C0 /* Frameworks */ = {
			isa = PBXFrameworksBuildPhase;
			buildActionMask = 2147483647;
			files = (
			);
			runOnlyForDeploymentPostprocessing = 0;
		};
		7BFB52A120CC24C5006F66C0 /* Frameworks */ = {
			isa = PBXFrameworksBuildPhase;
			buildActionMask = 2147483647;
			files = (
			);
			runOnlyForDeploymentPostprocessing = 0;
		};
/* End PBXFrameworksBuildPhase section */

/* Begin PBXGroup section */
		7BFB527820CC24C5006F66C0 = {
			isa = PBXGroup;
			children = (
				7BFB528320CC24C5006F66C0 /* GPUImage */,
				7BFB529C20CC24C5006F66C0 /* GPUImageTests */,
				7BFB52A720CC24C5006F66C0 /* GPUImageUITests */,
				7BFB528220CC24C5006F66C0 /* Products */,
				8CDE9EB4867D6A388F0A89F6 /* Pods */,
				85857C08F1EBB0B11863F846 /* Frameworks */,
			);
			sourceTree = "<group>";
		};
		7BFB528220CC24C5006F66C0 /* Products */ = {
			isa = PBXGroup;
			children = (
				7BFB528120CC24C5006F66C0 /* GPUImage.app */,
				7BFB529920CC24C5006F66C0 /* GPUImageTests.xctest */,
				7BFB52A420CC24C5006F66C0 /* GPUImageUITests.xctest */,
			);
			name = Products;
			sourceTree = "<group>";
		};
		7BFB528320CC24C5006F66C0 /* GPUImage */ = {
			isa = PBXGroup;
			children = (
				CD04008F21D62E32006AE8AA /* SimplePhotoFilter */,
				CD04008621D4E723006AE8AA /* SimpleImageFilter */,
				CD04008021D38523006AE8AA /* Shaders */,
				CD1CBBFF21CCF0090009AAC6 /* ColorObjectTracking */,
				CD1CBBFD21CA3D5F0009AAC6 /* Resource */,
				CD1CBBF921CA3CC60009AAC6 /* Benchmark */,
				CD1CBBF521CA3C1A0009AAC6 /* Tabbar */,
				7BFB528420CC24C5006F66C0 /* AppDelegate.h */,
				7BFB528520CC24C5006F66C0 /* AppDelegate.m */,
				7BFB528720CC24C5006F66C0 /* ViewController.h */,
				7BFB528820CC24C5006F66C0 /* ViewController.m */,
				7BFB528A20CC24C5006F66C0 /* Main.storyboard */,
				7BFB528D20CC24C5006F66C0 /* Assets.xcassets */,
				7BFB528F20CC24C5006F66C0 /* LaunchScreen.storyboard */,
				7BFB529220CC24C5006F66C0 /* Info.plist */,
				7BFB529320CC24C5006F66C0 /* main.m */,
			);
			path = GPUImage;
			sourceTree = "<group>";
		};
		7BFB529C20CC24C5006F66C0 /* GPUImageTests */ = {
			isa = PBXGroup;
			children = (
				7BFB529D20CC24C5006F66C0 /* GPUImageTests.m */,
				7BFB529F20CC24C5006F66C0 /* Info.plist */,
			);
			path = GPUImageTests;
			sourceTree = "<group>";
		};
		7BFB52A720CC24C5006F66C0 /* GPUImageUITests */ = {
			isa = PBXGroup;
			children = (
				7BFB52A820CC24C5006F66C0 /* GPUImageUITests.m */,
				7BFB52AA20CC24C5006F66C0 /* Info.plist */,
			);
			path = GPUImageUITests;
			sourceTree = "<group>";
		};
		85857C08F1EBB0B11863F846 /* Frameworks */ = {
			isa = PBXGroup;
			children = (
				5AFF2601799FE97B558ECB62 /* libPods-GPUImage.a */,
			);
			name = Frameworks;
			sourceTree = "<group>";
		};
		8CDE9EB4867D6A388F0A89F6 /* Pods */ = {
			isa = PBXGroup;
			children = (
				E3DC04DB45CC112CD13C39E2 /* Pods-GPUImage.debug.xcconfig */,
				CB34A9A512F89462E89F4031 /* Pods-GPUImage.release.xcconfig */,
			);
			name = Pods;
			sourceTree = "<group>";
		};
		CD04008021D38523006AE8AA /* Shaders */ = {
			isa = PBXGroup;
			children = (
				CD04008121D38559006AE8AA /* Threshold.fsh */,
				CD04008321D38654006AE8AA /* PositionColor.fsh */,
			);
			path = Shaders;
			sourceTree = "<group>";
		};
		CD04008621D4E723006AE8AA /* SimpleImageFilter */ = {
			isa = PBXGroup;
			children = (
				CD04008721D4E763006AE8AA /* SXSimpleImageViewController.h */,
				CD04008821D4E763006AE8AA /* SXSimpleImageViewController.m */,
			);
			path = SimpleImageFilter;
			sourceTree = "<group>";
		};
		CD04008F21D62E32006AE8AA /* SimplePhotoFilter */ = {
			isa = PBXGroup;
			children = (
				CD04009021D62E4E006AE8AA /* SXPhotoViewController.h */,
				CD04009121D62E4E006AE8AA /* SXPhotoViewController.m */,
			);
			path = SimplePhotoFilter;
			sourceTree = "<group>";
		};
		CD1CBBF521CA3C1A0009AAC6 /* Tabbar */ = {
			isa = PBXGroup;
			children = (
				CD1CBBF621CA3C670009AAC6 /* SXTabbarController.h */,
				CD1CBBF721CA3C670009AAC6 /* SXTabbarController.m */,
			);
			path = Tabbar;
			sourceTree = "<group>";
		};
		CD1CBBF921CA3CC60009AAC6 /* Benchmark */ = {
			isa = PBXGroup;
			children = (
				CD1CBBFA21CA3D230009AAC6 /* SXImageFilteringBenchmarkViewController.h */,
				CD1CBBFB21CA3D230009AAC6 /* SXImageFilteringBenchmarkViewController.m */,
			);
			path = Benchmark;
			sourceTree = "<group>";
		};
		CD1CBBFD21CA3D5F0009AAC6 /* Resource */ = {
			isa = PBXGroup;
			children = (
				CD04008A21D4E9B7006AE8AA /* Lambeau.jpg */,
				CD04008B21D4E9B7006AE8AA /* WID-small.jpg */,
			);
			path = Resource;
			sourceTree = "<group>";
		};
		CD1CBBFF21CCF0090009AAC6 /* ColorObjectTracking */ = {
			isa = PBXGroup;
			children = (
				CD1CBC0021CCF03F0009AAC6 /* SXColorTrackingViewController.h */,
				CD1CBC0121CCF03F0009AAC6 /* SXColorTrackingViewController.m */,
			);
			path = ColorObjectTracking;
			sourceTree = "<group>";
		};
/* End PBXGroup section */

/* Begin PBXNativeTarget section */
		7BFB528020CC24C5006F66C0 /* GPUImage */ = {
			isa = PBXNativeTarget;
			buildConfigurationList = 7BFB52AD20CC24C5006F66C0 /* Build configuration list for PBXNativeTarget "GPUImage" */;
			buildPhases = (
				1F2A0076B9FFA9A62E3E05ED /* [CP] Check Pods Manifest.lock */,
				7BFB527D20CC24C5006F66C0 /* Sources */,
				7BFB527E20CC24C5006F66C0 /* Frameworks */,
				7BFB527F20CC24C5006F66C0 /* Resources */,
				1139ABBBDBDFC499948795BB /* [CP] Copy Pods Resources */,
			);
			buildRules = (
			);
			dependencies = (
			);
			name = GPUImage;
			productName = GPUImage;
			productReference = 7BFB528120CC24C5006F66C0 /* GPUImage.app */;
			productType = "com.apple.product-type.application";
		};
		7BFB529820CC24C5006F66C0 /* GPUImageTests */ = {
			isa = PBXNativeTarget;
			buildConfigurationList = 7BFB52B020CC24C5006F66C0 /* Build configuration list for PBXNativeTarget "GPUImageTests" */;
			buildPhases = (
				7BFB529520CC24C5006F66C0 /* Sources */,
				7BFB529620CC24C5006F66C0 /* Frameworks */,
				7BFB529720CC24C5006F66C0 /* Resources */,
			);
			buildRules = (
			);
			dependencies = (
				7BFB529B20CC24C5006F66C0 /* PBXTargetDependency */,
			);
			name = GPUImageTests;
			productName = GPUImageTests;
			productReference = 7BFB529920CC24C5006F66C0 /* GPUImageTests.xctest */;
			productType = "com.apple.product-type.bundle.unit-test";
		};
		7BFB52A320CC24C5006F66C0 /* GPUImageUITests */ = {
			isa = PBXNativeTarget;
			buildConfigurationList = 7BFB52B320CC24C5006F66C0 /* Build configuration list for PBXNativeTarget "GPUImageUITests" */;
			buildPhases = (
				7BFB52A020CC24C5006F66C0 /* Sources */,
				7BFB52A120CC24C5006F66C0 /* Frameworks */,
				7BFB52A220CC24C5006F66C0 /* Resources */,
			);
			buildRules = (
			);
			dependencies = (
				7BFB52A620CC24C5006F66C0 /* PBXTargetDependency */,
			);
			name = GPUImageUITests;
			productName = GPUImageUITests;
			productReference = 7BFB52A420CC24C5006F66C0 /* GPUImageUITests.xctest */;
			productType = "com.apple.product-type.bundle.ui-testing";
		};
/* End PBXNativeTarget section */

/* Begin PBXProject section */
		7BFB527920CC24C5006F66C0 /* Project object */ = {
			isa = PBXProject;
			attributes = {
				CLASSPREFIX = SX;
				LastUpgradeCheck = 0910;
				ORGANIZATIONNAME = "陈思欣";
				TargetAttributes = {
					7BFB528020CC24C5006F66C0 = {
						CreatedOnToolsVersion = 9.1;
						ProvisioningStyle = Automatic;
					};
					7BFB529820CC24C5006F66C0 = {
						CreatedOnToolsVersion = 9.1;
						ProvisioningStyle = Automatic;
						TestTargetID = 7BFB528020CC24C5006F66C0;
					};
					7BFB52A320CC24C5006F66C0 = {
						CreatedOnToolsVersion = 9.1;
						ProvisioningStyle = Automatic;
						TestTargetID = 7BFB528020CC24C5006F66C0;
					};
				};
			};
			buildConfigurationList = 7BFB527C20CC24C5006F66C0 /* Build configuration list for PBXProject "GPUImage" */;
			compatibilityVersion = "Xcode 8.0";
			developmentRegion = en;
			hasScannedForEncodings = 0;
			knownRegions = (
				en,
				Base,
			);
			mainGroup = 7BFB527820CC24C5006F66C0;
			productRefGroup = 7BFB528220CC24C5006F66C0 /* Products */;
			projectDirPath = "";
			projectRoot = "";
			targets = (
				7BFB528020CC24C5006F66C0 /* GPUImage */,
				7BFB529820CC24C5006F66C0 /* GPUImageTests */,
				7BFB52A320CC24C5006F66C0 /* GPUImageUITests */,
			);
		};
/* End PBXProject section */

/* Begin PBXResourcesBuildPhase section */
		7BFB527F20CC24C5006F66C0 /* Resources */ = {
			isa = PBXResourcesBuildPhase;
			buildActionMask = 2147483647;
			files = (
				7BFB529120CC24C5006F66C0 /* LaunchScreen.storyboard in Resources */,
				CD04008221D38559006AE8AA /* Threshold.fsh in Resources */,
				7BFB528E20CC24C5006F66C0 /* Assets.xcassets in Resources */,
				CD04008C21D4E9B7006AE8AA /* Lambeau.jpg in Resources */,
				CD04008D21D4E9B7006AE8AA /* WID-small.jpg in Resources */,
				CD04008421D38654006AE8AA /* PositionColor.fsh in Resources */,
				7BFB528C20CC24C5006F66C0 /* Main.storyboard in Resources */,
			);
			runOnlyForDeploymentPostprocessing = 0;
		};
		7BFB529720CC24C5006F66C0 /* Resources */ = {
			isa = PBXResourcesBuildPhase;
			buildActionMask = 2147483647;
			files = (
			);
			runOnlyForDeploymentPostprocessing = 0;
		};
		7BFB52A220CC24C5006F66C0 /* Resources */ = {
			isa = PBXResourcesBuildPhase;
			buildActionMask = 2147483647;
			files = (
			);
			runOnlyForDeploymentPostprocessing = 0;
		};
/* End PBXResourcesBuildPhase section */

/* Begin PBXShellScriptBuildPhase section */
		1139ABBBDBDFC499948795BB /* [CP] Copy Pods Resources */ = {
			isa = PBXShellScriptBuildPhase;
			buildActionMask = 2147483647;
			files = (
			);
			inputPaths = (
				"${SRCROOT}/Pods/Target Support Files/Pods-GPUImage/Pods-GPUImage-resources.sh",
				"${PODS_ROOT}/GPUImage/framework/Resources/lookup.png",
				"${PODS_ROOT}/GPUImage/framework/Resources/lookup_amatorka.png",
				"${PODS_ROOT}/GPUImage/framework/Resources/lookup_miss_etikate.png",
				"${PODS_ROOT}/GPUImage/framework/Resources/lookup_soft_elegance_1.png",
				"${PODS_ROOT}/GPUImage/framework/Resources/lookup_soft_elegance_2.png",
			);
			name = "[CP] Copy Pods Resources";
			outputPaths = (
				"${TARGET_BUILD_DIR}/${UNLOCALIZED_RESOURCES_FOLDER_PATH}/lookup.png",
				"${TARGET_BUILD_DIR}/${UNLOCALIZED_RESOURCES_FOLDER_PATH}/lookup_amatorka.png",
				"${TARGET_BUILD_DIR}/${UNLOCALIZED_RESOURCES_FOLDER_PATH}/lookup_miss_etikate.png",
				"${TARGET_BUILD_DIR}/${UNLOCALIZED_RESOURCES_FOLDER_PATH}/lookup_soft_elegance_1.png",
				"${TARGET_BUILD_DIR}/${UNLOCALIZED_RESOURCES_FOLDER_PATH}/lookup_soft_elegance_2.png",
			);
			runOnlyForDeploymentPostprocessing = 0;
			shellPath = /bin/sh;
			shellScript = "\"${SRCROOT}/Pods/Target Support Files/Pods-GPUImage/Pods-GPUImage-resources.sh\"\n";
			showEnvVarsInLog = 0;
		};
		1F2A0076B9FFA9A62E3E05ED /* [CP] Check Pods Manifest.lock */ = {
			isa = PBXShellScriptBuildPhase;
			buildActionMask = 2147483647;
			files = (
			);
			inputPaths = (
				"${PODS_PODFILE_DIR_PATH}/Podfile.lock",
				"${PODS_ROOT}/Manifest.lock",
			);
			name = "[CP] Check Pods Manifest.lock";
			outputPaths = (
				"$(DERIVED_FILE_DIR)/Pods-GPUImage-checkManifestLockResult.txt",
			);
			runOnlyForDeploymentPostprocessing = 0;
			shellPath = /bin/sh;
			shellScript = "diff \"${PODS_PODFILE_DIR_PATH}/Podfile.lock\" \"${PODS_ROOT}/Manifest.lock\" > /dev/null\nif [ $? != 0 ] ; then\n    # print error to STDERR\n    echo \"error: The sandbox is not in sync with the Podfile.lock. Run 'pod install' or update your CocoaPods installation.\" >&2\n    exit 1\nfi\n# This output is used by Xcode 'outputs' to avoid re-running this script phase.\necho \"SUCCESS\" > \"${SCRIPT_OUTPUT_FILE_0}\"\n";
			showEnvVarsInLog = 0;
		};
/* End PBXShellScriptBuildPhase section */

/* Begin PBXSourcesBuildPhase section */
		7BFB527D20CC24C5006F66C0 /* Sources */ = {
			isa = PBXSourcesBuildPhase;
			buildActionMask = 2147483647;
			files = (
				CD04008921D4E763006AE8AA /* SXSimpleImageViewController.m in Sources */,
				CD1CBBFC21CA3D230009AAC6 /* SXImageFilteringBenchmarkViewController.m in Sources */,
				7BFB528920CC24C5006F66C0 /* ViewController.m in Sources */,
				CD1CBC0221CCF03F0009AAC6 /* SXColorTrackingViewController.m in Sources */,
				7BFB529420CC24C5006F66C0 /* main.m in Sources */,
				CD1CBBF821CA3C670009AAC6 /* SXTabbarController.m in Sources */,
				CD04009221D62E4E006AE8AA /* SXPhotoViewController.m in Sources */,
				7BFB528620CC24C5006F66C0 /* AppDelegate.m in Sources */,
			);
			runOnlyForDeploymentPostprocessing = 0;
		};
		7BFB529520CC24C5006F66C0 /* Sources */ = {
			isa = PBXSourcesBuildPhase;
			buildActionMask = 2147483647;
			files = (
				7BFB529E20CC24C5006F66C0 /* GPUImageTests.m in Sources */,
			);
			runOnlyForDeploymentPostprocessing = 0;
		};
		7BFB52A020CC24C5006F66C0 /* Sources */ = {
			isa = PBXSourcesBuildPhase;
			buildActionMask = 2147483647;
			files = (
				7BFB52A920CC24C5006F66C0 /* GPUImageUITests.m in Sources */,
			);
			runOnlyForDeploymentPostprocessing = 0;
		};
/* End PBXSourcesBuildPhase section */

/* Begin PBXTargetDependency section */
		7BFB529B20CC24C5006F66C0 /* PBXTargetDependency */ = {
			isa = PBXTargetDependency;
			target = 7BFB528020CC24C5006F66C0 /* GPUImage */;
			targetProxy = 7BFB529A20CC24C5006F66C0 /* PBXContainerItemProxy */;
		};
		7BFB52A620CC24C5006F66C0 /* PBXTargetDependency */ = {
			isa = PBXTargetDependency;
			target = 7BFB528020CC24C5006F66C0 /* GPUImage */;
			targetProxy = 7BFB52A520CC24C5006F66C0 /* PBXContainerItemProxy */;
		};
/* End PBXTargetDependency section */

/* Begin PBXVariantGroup section */
		7BFB528A20CC24C5006F66C0 /* Main.storyboard */ = {
			isa = PBXVariantGroup;
			children = (
				7BFB528B20CC24C5006F66C0 /* Base */,
			);
			name = Main.storyboard;
			sourceTree = "<group>";
		};
		7BFB528F20CC24C5006F66C0 /* LaunchScreen.storyboard */ = {
			isa = PBXVariantGroup;
			children = (
				7BFB529020CC24C5006F66C0 /* Base */,
			);
			name = LaunchScreen.storyboard;
			sourceTree = "<group>";
		};
/* End PBXVariantGroup section */

/* Begin XCBuildConfiguration section */
		7BFB52AB20CC24C5006F66C0 /* Debug */ = {
			isa = XCBuildConfiguration;
			buildSettings = {
				ALWAYS_SEARCH_USER_PATHS = NO;
				CLANG_ANALYZER_NONNULL = YES;
				CLANG_ANALYZER_NUMBER_OBJECT_CONVERSION = YES_AGGRESSIVE;
				CLANG_CXX_LANGUAGE_STANDARD = "gnu++14";
				CLANG_CXX_LIBRARY = "libc++";
				CLANG_ENABLE_MODULES = YES;
				CLANG_ENABLE_OBJC_ARC = YES;
				CLANG_WARN_BLOCK_CAPTURE_AUTORELEASING = YES;
				CLANG_WARN_BOOL_CONVERSION = YES;
				CLANG_WARN_COMMA = YES;
				CLANG_WARN_CONSTANT_CONVERSION = YES;
				CLANG_WARN_DIRECT_OBJC_ISA_USAGE = YES_ERROR;
				CLANG_WARN_DOCUMENTATION_COMMENTS = YES;
				CLANG_WARN_EMPTY_BODY = YES;
				CLANG_WARN_ENUM_CONVERSION = YES;
				CLANG_WARN_INFINITE_RECURSION = YES;
				CLANG_WARN_INT_CONVERSION = YES;
				CLANG_WARN_NON_LITERAL_NULL_CONVERSION = YES;
				CLANG_WARN_OBJC_LITERAL_CONVERSION = YES;
				CLANG_WARN_OBJC_ROOT_CLASS = YES_ERROR;
				CLANG_WARN_RANGE_LOOP_ANALYSIS = YES;
				CLANG_WARN_STRICT_PROTOTYPES = YES;
				CLANG_WARN_SUSPICIOUS_MOVE = YES;
				CLANG_WARN_UNGUARDED_AVAILABILITY = YES_AGGRESSIVE;
				CLANG_WARN_UNREACHABLE_CODE = YES;
				CLANG_WARN__DUPLICATE_METHOD_MATCH = YES;
				CODE_SIGN_IDENTITY = "iPhone Developer";
				COPY_PHASE_STRIP = NO;
				DEBUG_INFORMATION_FORMAT = dwarf;
				ENABLE_STRICT_OBJC_MSGSEND = YES;
				ENABLE_TESTABILITY = YES;
				GCC_C_LANGUAGE_STANDARD = gnu11;
				GCC_DYNAMIC_NO_PIC = NO;
				GCC_NO_COMMON_BLOCKS = YES;
				GCC_OPTIMIZATION_LEVEL = 0;
				GCC_PREPROCESSOR_DEFINITIONS = (
					"DEBUG=1",
					"$(inherited)",
				);
				GCC_WARN_64_TO_32_BIT_CONVERSION = YES;
				GCC_WARN_ABOUT_RETURN_TYPE = YES_ERROR;
				GCC_WARN_UNDECLARED_SELECTOR = YES;
				GCC_WARN_UNINITIALIZED_AUTOS = YES_AGGRESSIVE;
				GCC_WARN_UNUSED_FUNCTION = YES;
				GCC_WARN_UNUSED_VARIABLE = YES;
				IPHONEOS_DEPLOYMENT_TARGET = 11.1;
				MTL_ENABLE_DEBUG_INFO = YES;
				ONLY_ACTIVE_ARCH = YES;
				SDKROOT = iphoneos;
			};
			name = Debug;
		};
		7BFB52AC20CC24C5006F66C0 /* Release */ = {
			isa = XCBuildConfiguration;
			buildSettings = {
				ALWAYS_SEARCH_USER_PATHS = NO;
				CLANG_ANALYZER_NONNULL = YES;
				CLANG_ANALYZER_NUMBER_OBJECT_CONVERSION = YES_AGGRESSIVE;
				CLANG_CXX_LANGUAGE_STANDARD = "gnu++14";
				CLANG_CXX_LIBRARY = "libc++";
				CLANG_ENABLE_MODULES = YES;
				CLANG_ENABLE_OBJC_ARC = YES;
				CLANG_WARN_BLOCK_CAPTURE_AUTORELEASING = YES;
				CLANG_WARN_BOOL_CONVERSION = YES;
				CLANG_WARN_COMMA = YES;
				CLANG_WARN_CONSTANT_CONVERSION = YES;
				CLANG_WARN_DIRECT_OBJC_ISA_USAGE = YES_ERROR;
				CLANG_WARN_DOCUMENTATION_COMMENTS = YES;
				CLANG_WARN_EMPTY_BODY = YES;
				CLANG_WARN_ENUM_CONVERSION = YES;
				CLANG_WARN_INFINITE_RECURSION = YES;
				CLANG_WARN_INT_CONVERSION = YES;
				CLANG_WARN_NON_LITERAL_NULL_CONVERSION = YES;
				CLANG_WARN_OBJC_LITERAL_CONVERSION = YES;
				CLANG_WARN_OBJC_ROOT_CLASS = YES_ERROR;
				CLANG_WARN_RANGE_LOOP_ANALYSIS = YES;
				CLANG_WARN_STRICT_PROTOTYPES = YES;
				CLANG_WARN_SUSPICIOUS_MOVE = YES;
				CLANG_WARN_UNGUARDED_AVAILABILITY = YES_AGGRESSIVE;
				CLANG_WARN_UNREACHABLE_CODE = YES;
				CLANG_WARN__DUPLICATE_METHOD_MATCH = YES;
				CODE_SIGN_IDENTITY = "iPhone Developer";
				COPY_PHASE_STRIP = NO;
				DEBUG_INFORMATION_FORMAT = "dwarf-with-dsym";
				ENABLE_NS_ASSERTIONS = NO;
				ENABLE_STRICT_OBJC_MSGSEND = YES;
				GCC_C_LANGUAGE_STANDARD = gnu11;
				GCC_NO_COMMON_BLOCKS = YES;
				GCC_WARN_64_TO_32_BIT_CONVERSION = YES;
				GCC_WARN_ABOUT_RETURN_TYPE = YES_ERROR;
				GCC_WARN_UNDECLARED_SELECTOR = YES;
				GCC_WARN_UNINITIALIZED_AUTOS = YES_AGGRESSIVE;
				GCC_WARN_UNUSED_FUNCTION = YES;
				GCC_WARN_UNUSED_VARIABLE = YES;
				IPHONEOS_DEPLOYMENT_TARGET = 11.1;
				MTL_ENABLE_DEBUG_INFO = NO;
				SDKROOT = iphoneos;
				VALIDATE_PRODUCT = YES;
			};
			name = Release;
		};
		7BFB52AE20CC24C5006F66C0 /* Debug */ = {
			isa = XCBuildConfiguration;
			baseConfigurationReference = E3DC04DB45CC112CD13C39E2 /* Pods-GPUImage.debug.xcconfig */;
			buildSettings = {
				ASSETCATALOG_COMPILER_APPICON_NAME = AppIcon;
				CODE_SIGN_STYLE = Automatic;
				DEVELOPMENT_TEAM = X83ZETG4A4;
				INFOPLIST_FILE = GPUImage/Info.plist;
				LD_RUNPATH_SEARCH_PATHS = "$(inherited) @executable_path/Frameworks";
				PRODUCT_BUNDLE_IDENTIFIER = chensx.GPUImage;
				PRODUCT_NAME = "$(TARGET_NAME)";
				TARGETED_DEVICE_FAMILY = "1,2";
			};
			name = Debug;
		};
		7BFB52AF20CC24C5006F66C0 /* Release */ = {
			isa = XCBuildConfiguration;
			baseConfigurationReference = CB34A9A512F89462E89F4031 /* Pods-GPUImage.release.xcconfig */;
			buildSettings = {
				ASSETCATALOG_COMPILER_APPICON_NAME = AppIcon;
				CODE_SIGN_STYLE = Automatic;
				DEVELOPMENT_TEAM = X83ZETG4A4;
				INFOPLIST_FILE = GPUImage/Info.plist;
				LD_RUNPATH_SEARCH_PATHS = "$(inherited) @executable_path/Frameworks";
				PRODUCT_BUNDLE_IDENTIFIER = chensx.GPUImage;
				PRODUCT_NAME = "$(TARGET_NAME)";
				TARGETED_DEVICE_FAMILY = "1,2";
			};
			name = Release;
		};
		7BFB52B120CC24C5006F66C0 /* Debug */ = {
			isa = XCBuildConfiguration;
			buildSettings = {
				BUNDLE_LOADER = "$(TEST_HOST)";
				CODE_SIGN_STYLE = Automatic;
				INFOPLIST_FILE = GPUImageTests/Info.plist;
				LD_RUNPATH_SEARCH_PATHS = "$(inherited) @executable_path/Frameworks @loader_path/Frameworks";
				PRODUCT_BUNDLE_IDENTIFIER = chensx.GPUImageTests;
				PRODUCT_NAME = "$(TARGET_NAME)";
				TARGETED_DEVICE_FAMILY = "1,2";
				TEST_HOST = "$(BUILT_PRODUCTS_DIR)/GPUImage.app/GPUImage";
			};
			name = Debug;
		};
		7BFB52B220CC24C5006F66C0 /* Release */ = {
			isa = XCBuildConfiguration;
			buildSettings = {
				BUNDLE_LOADER = "$(TEST_HOST)";
				CODE_SIGN_STYLE = Automatic;
				INFOPLIST_FILE = GPUImageTests/Info.plist;
				LD_RUNPATH_SEARCH_PATHS = "$(inherited) @executable_path/Frameworks @loader_path/Frameworks";
				PRODUCT_BUNDLE_IDENTIFIER = chensx.GPUImageTests;
				PRODUCT_NAME = "$(TARGET_NAME)";
				TARGETED_DEVICE_FAMILY = "1,2";
				TEST_HOST = "$(BUILT_PRODUCTS_DIR)/GPUImage.app/GPUImage";
			};
			name = Release;
		};
		7BFB52B420CC24C5006F66C0 /* Debug */ = {
			isa = XCBuildConfiguration;
			buildSettings = {
				CODE_SIGN_STYLE = Automatic;
				INFOPLIST_FILE = GPUImageUITests/Info.plist;
				LD_RUNPATH_SEARCH_PATHS = "$(inherited) @executable_path/Frameworks @loader_path/Frameworks";
				PRODUCT_BUNDLE_IDENTIFIER = chensx.GPUImageUITests;
				PRODUCT_NAME = "$(TARGET_NAME)";
				TARGETED_DEVICE_FAMILY = "1,2";
				TEST_TARGET_NAME = GPUImage;
			};
			name = Debug;
		};
		7BFB52B520CC24C5006F66C0 /* Release */ = {
			isa = XCBuildConfiguration;
			buildSettings = {
				CODE_SIGN_STYLE = Automatic;
				INFOPLIST_FILE = GPUImageUITests/Info.plist;
				LD_RUNPATH_SEARCH_PATHS = "$(inherited) @executable_path/Frameworks @loader_path/Frameworks";
				PRODUCT_BUNDLE_IDENTIFIER = chensx.GPUImageUITests;
				PRODUCT_NAME = "$(TARGET_NAME)";
				TARGETED_DEVICE_FAMILY = "1,2";
				TEST_TARGET_NAME = GPUImage;
			};
			name = Release;
		};
/* End XCBuildConfiguration section */

/* Begin XCConfigurationList section */
		7BFB527C20CC24C5006F66C0 /* Build configuration list for PBXProject "GPUImage" */ = {
			isa = XCConfigurationList;
			buildConfigurations = (
				7BFB52AB20CC24C5006F66C0 /* Debug */,
				7BFB52AC20CC24C5006F66C0 /* Release */,
			);
			defaultConfigurationIsVisible = 0;
			defaultConfigurationName = Release;
		};
		7BFB52AD20CC24C5006F66C0 /* Build configuration list for PBXNativeTarget "GPUImage" */ = {
			isa = XCConfigurationList;
			buildConfigurations = (
				7BFB52AE20CC24C5006F66C0 /* Debug */,
				7BFB52AF20CC24C5006F66C0 /* Release */,
			);
			defaultConfigurationIsVisible = 0;
			defaultConfigurationName = Release;
		};
		7BFB52B020CC24C5006F66C0 /* Build configuration list for PBXNativeTarget "GPUImageTests" */ = {
			isa = XCConfigurationList;
			buildConfigurations = (
				7BFB52B120CC24C5006F66C0 /* Debug */,
				7BFB52B220CC24C5006F66C0 /* Release */,
			);
			defaultConfigurationIsVisible = 0;
			defaultConfigurationName = Release;
		};
		7BFB52B320CC24C5006F66C0 /* Build configuration list for PBXNativeTarget "GPUImageUITests" */ = {
			isa = XCConfigurationList;
			buildConfigurations = (
				7BFB52B420CC24C5006F66C0 /* Debug */,
				7BFB52B520CC24C5006F66C0 /* Release */,
			);
			defaultConfigurationIsVisible = 0;
			defaultConfigurationName = Release;
		};
/* End XCConfigurationList section */
	};
	rootObject = 7BFB527920CC24C5006F66C0 /* Project object */;
}
